
Microsoft Visual Studio Solution File, Format Version 12.00
# Visual Studio Version 17
VisualStudioVersion = 17.2.32630.192
MinimumVisualStudioVersion = 10.0.40219.1
Project("{9A19103F-16F7-4668-BE54-9A1E7A4F7556}") = "Pet.WebAPI", "Pet.WebAPI\Pet.WebAPI.csproj", "{AE29174B-20D1-49DA-8C51-D17B8E7A1ED5}"
EndProject
Project("{9A19103F-16F7-4668-BE54-9A1E7A4F7556}") = "SysIPetUI", "SysIPetUI\SysIPetUI.csproj", "{D24932CE-22B0-4923-90A7-16EBC59E42E4}"
EndProject
Project("{FAE04EC0-301F-11D3-BF4B-00C04F79EFBC}") = "Pet.UnitTests", "Pet.UnitTests\Pet.UnitTests.csproj", "{5D73568D-1601-4075-B58F-59010EE7D95D}"
EndProject
Global
	GlobalSection(SolutionConfigurationPlatforms) = preSolution
		Debug|Any CPU = Debug|Any CPU
		Release|Any CPU = Release|Any CPU
	EndGlobalSection
	GlobalSection(ProjectConfigurationPlatforms) = postSolution
		{AE29174B-20D1-49DA-8C51-D17B8E7A1ED5}.Debug|Any CPU.ActiveCfg = Debug|Any CPU
		{AE29174B-20D1-49DA-8C51-D17B8E7A1ED5}.Debug|Any CPU.Build.0 = Debug|Any CPU
		{AE29174B-20D1-49DA-8C51-D17B8E7A1ED5}.Release|Any CPU.ActiveCfg = Release|Any CPU
		{AE29174B-20D1-49DA-8C51-D17B8E7A1ED5}.Release|Any CPU.Build.0 = Release|Any CPU
		{D24932CE-22B0-4923-90A7-16EBC59E42E4}.Debug|Any CPU.ActiveCfg = Debug|Any CPU
		{D24932CE-22B0-4923-90A7-16EBC59E42E4}.Debug|Any CPU.Build.0 = Debug|Any CPU
		{D24932CE-22B0-4923-90A7-16EBC59E42E4}.Release|Any CPU.ActiveCfg = Release|Any CPU
		{D24932CE-22B0-4923-90A7-16EBC59E42E4}.Release|Any CPU.Build.0 = Release|Any CPU
		{5D73568D-1601-4075-B58F-59010EE7D95D}.Debug|Any CPU.ActiveCfg = Debug|Any CPU
		{5D73568D-1601-4075-B58F-59010EE7D95D}.Debug|Any CPU.Build.0 = Debug|Any CPU
		{5D73568D-1601-4075-B58F-59010EE7D95D}.Release|Any CPU.ActiveCfg = Release|Any CPU
		{5D73568D-1601-4075-B58F-59010EE7D95D}.Release|Any CPU.Build.0 = Release|Any CPU
	EndGlobalSection
	GlobalSection(SolutionProperties) = preSolution
		HideSolutionNode = FALSE
	EndGlobalSection
	GlobalSection(ExtensibilityGlobals) = postSolution
		SolutionGuid = {7A585D51-52DB-4B59-9253-0C8C2817F2BB}
	EndGlobalSection
EndGlobal
